
Microsoft Visual Studio Solution File, Format Version 12.00
# Visual Studio 15
VisualStudioVersion = 15.0.28307.1433
MinimumVisualStudioVersion = 10.0.40219.1
Project("{FAE04EC0-301F-11D3-BF4B-00C04F79EFBC}") = "WebAPI_LKMT", "WebAPI_LKMT\WebAPI_LKMT.csproj", "{B5F09F2E-20EB-4593-9EA2-AE57E766750C}"
EndProject
Global
	GlobalSection(SolutionConfigurationPlatforms) = preSolution
		Debug|Any CPU = Debug|Any CPU
		Release|Any CPU = Release|Any CPU
	EndGlobalSection
	GlobalSection(ProjectConfigurationPlatforms) = postSolution
		{B5F09F2E-20EB-4593-9EA2-AE57E766750C}.Debug|Any CPU.ActiveCfg = Debug|Any CPU
		{B5F09F2E-20EB-4593-9EA2-AE57E766750C}.Debug|Any CPU.Build.0 = Debug|Any CPU
		{B5F09F2E-20EB-4593-9EA2-AE57E766750C}.Release|Any CPU.ActiveCfg = Release|Any CPU
		{B5F09F2E-20EB-4593-9EA2-AE57E766750C}.Release|Any CPU.Build.0 = Release|Any CPU
	EndGlobalSection
	GlobalSection(SolutionProperties) = preSolution
		HideSolutionNode = FALSE
	EndGlobalSection
	GlobalSection(ExtensibilityGlobals) = postSolution
		SolutionGuid = {524E1394-D8FC-429E-9BB8-DE7B73547F19}
	EndGlobalSection
EndGlobal
